{
  "name": "pioneers-place-v2",
  "version": "0.1.0",
  "lockfileVersion": 3,
  "requires": true,
  "packages": {
    "": {
      "name": "pioneers-place-v2",
      "version": "0.1.0",
      "dependencies": {
        "next": "15.1.4",
        "react": "^19.0.0",
        "react-dom": "^19.0.0"
      }
    }
  }
}
